
Microsoft Visual Studio Solution File, Format Version 12.00
# Visual Studio Version 16
VisualStudioVersion = 16.0.29920.165
MinimumVisualStudioVersion = 10.0.40219.1
Project("{9A19103F-16F7-4668-BE54-9A1E7A4F7556}") = "PCB_Test.UI", "PCB_Test.UI\PCB_Test.UI.csproj", "{4108BFFD-8FF1-46C6-9767-F1709684C206}"
EndProject
Project("{FAE04EC0-301F-11D3-BF4B-00C04F79EFBC}") = "PCB_Test.Models", "PCB_Test.Models\PCB_Test.Models.csproj", "{D9068CA1-BA25-4EE7-BC8D-96BA6AA4495D}"
EndProject
Project("{FAE04EC0-301F-11D3-BF4B-00C04F79EFBC}") = "PCB_Test.DataProvider.Interfaces", "PCB_Test.DataProvider.Interfaces\PCB_Test.DataProvider.Interfaces.csproj", "{04675F22-EB56-43F4-8891-65CE139AF7A0}"
EndProject
Project("{FAE04EC0-301F-11D3-BF4B-00C04F79EFBC}") = "PCB_Test.DataProvider.Implementation", "PCB_Test.DataProvider.Implementation\PCB_Test.DataProvider.Implementation.csproj", "{DAC24854-E0D6-4369-B878-5C244D8FBFCE}"
EndProject
Project("{FAE04EC0-301F-11D3-BF4B-00C04F79EFBC}") = "PCB_Test.Services", "PCB_Test.Services\PCB_Test.Services.csproj", "{5BB08F7C-011C-4C66-B2B8-DC1883E24D2F}"
EndProject
Global
	GlobalSection(SolutionConfigurationPlatforms) = preSolution
		Debug|Any CPU = Debug|Any CPU
		Release|Any CPU = Release|Any CPU
	EndGlobalSection
	GlobalSection(ProjectConfigurationPlatforms) = postSolution
		{4108BFFD-8FF1-46C6-9767-F1709684C206}.Debug|Any CPU.ActiveCfg = Debug|Any CPU
		{4108BFFD-8FF1-46C6-9767-F1709684C206}.Debug|Any CPU.Build.0 = Debug|Any CPU
		{4108BFFD-8FF1-46C6-9767-F1709684C206}.Release|Any CPU.ActiveCfg = Release|Any CPU
		{4108BFFD-8FF1-46C6-9767-F1709684C206}.Release|Any CPU.Build.0 = Release|Any CPU
		{D9068CA1-BA25-4EE7-BC8D-96BA6AA4495D}.Debug|Any CPU.ActiveCfg = Debug|Any CPU
		{D9068CA1-BA25-4EE7-BC8D-96BA6AA4495D}.Debug|Any CPU.Build.0 = Debug|Any CPU
		{D9068CA1-BA25-4EE7-BC8D-96BA6AA4495D}.Release|Any CPU.ActiveCfg = Release|Any CPU
		{D9068CA1-BA25-4EE7-BC8D-96BA6AA4495D}.Release|Any CPU.Build.0 = Release|Any CPU
		{04675F22-EB56-43F4-8891-65CE139AF7A0}.Debug|Any CPU.ActiveCfg = Debug|Any CPU
		{04675F22-EB56-43F4-8891-65CE139AF7A0}.Debug|Any CPU.Build.0 = Debug|Any CPU
		{04675F22-EB56-43F4-8891-65CE139AF7A0}.Release|Any CPU.ActiveCfg = Release|Any CPU
		{04675F22-EB56-43F4-8891-65CE139AF7A0}.Release|Any CPU.Build.0 = Release|Any CPU
		{DAC24854-E0D6-4369-B878-5C244D8FBFCE}.Debug|Any CPU.ActiveCfg = Debug|Any CPU
		{DAC24854-E0D6-4369-B878-5C244D8FBFCE}.Debug|Any CPU.Build.0 = Debug|Any CPU
		{DAC24854-E0D6-4369-B878-5C244D8FBFCE}.Release|Any CPU.ActiveCfg = Release|Any CPU
		{DAC24854-E0D6-4369-B878-5C244D8FBFCE}.Release|Any CPU.Build.0 = Release|Any CPU
		{5BB08F7C-011C-4C66-B2B8-DC1883E24D2F}.Debug|Any CPU.ActiveCfg = Debug|Any CPU
		{5BB08F7C-011C-4C66-B2B8-DC1883E24D2F}.Debug|Any CPU.Build.0 = Debug|Any CPU
		{5BB08F7C-011C-4C66-B2B8-DC1883E24D2F}.Release|Any CPU.ActiveCfg = Release|Any CPU
		{5BB08F7C-011C-4C66-B2B8-DC1883E24D2F}.Release|Any CPU.Build.0 = Release|Any CPU
	EndGlobalSection
	GlobalSection(SolutionProperties) = preSolution
		HideSolutionNode = FALSE
	EndGlobalSection
	GlobalSection(ExtensibilityGlobals) = postSolution
		SolutionGuid = {F8C95EC8-B99F-4E8D-972A-CAB91903852E}
	EndGlobalSection
EndGlobal
